
Microsoft Visual Studio Solution File, Format Version 12.00
# Visual Studio 2012
Project("{FAE04EC0-301F-11D3-BF4B-00C04F79EFBC}") = "RevitImport", "RevitImport\RevitImport.csproj", "{ABD6F3DB-10CA-49B6-869E-843A16F79FF2}"
EndProject
Project("{FAE04EC0-301F-11D3-BF4B-00C04F79EFBC}") = "RevitSerialization", "RevitSerialization\RevitSerialization.csproj", "{8398A5CE-52F2-4AEB-9B92-52B6558B31EE}"
EndProject
Global
	GlobalSection(SolutionConfigurationPlatforms) = preSolution
		Debug|Any CPU = Debug|Any CPU
		Release|Any CPU = Release|Any CPU
	EndGlobalSection
	GlobalSection(ProjectConfigurationPlatforms) = postSolution
		{ABD6F3DB-10CA-49B6-869E-843A16F79FF2}.Debug|Any CPU.ActiveCfg = Debug|Any CPU
		{ABD6F3DB-10CA-49B6-869E-843A16F79FF2}.Debug|Any CPU.Build.0 = Debug|Any CPU
		{ABD6F3DB-10CA-49B6-869E-843A16F79FF2}.Release|Any CPU.ActiveCfg = Release|Any CPU
		{ABD6F3DB-10CA-49B6-869E-843A16F79FF2}.Release|Any CPU.Build.0 = Release|Any CPU
		{8398A5CE-52F2-4AEB-9B92-52B6558B31EE}.Debug|Any CPU.ActiveCfg = Debug|Any CPU
		{8398A5CE-52F2-4AEB-9B92-52B6558B31EE}.Debug|Any CPU.Build.0 = Debug|Any CPU
		{8398A5CE-52F2-4AEB-9B92-52B6558B31EE}.Release|Any CPU.ActiveCfg = Release|Any CPU
		{8398A5CE-52F2-4AEB-9B92-52B6558B31EE}.Release|Any CPU.Build.0 = Release|Any CPU
	EndGlobalSection
	GlobalSection(SolutionProperties) = preSolution
		HideSolutionNode = FALSE
	EndGlobalSection
EndGlobal
